
Microsoft Visual Studio Solution File, Format Version 12.00
Project("{FAE04EC0-301F-11D3-BF4B-00C04F79EFBC}") = "BorroApp", "BorroApp\BorroApp.csproj", "{7ED0827B-7F16-4A6F-A1EF-D0AEFAD4DDA8}"
EndProject
Project("{FAE04EC0-301F-11D3-BF4B-00C04F79EFBC}") = "BorroAppTests", "BorroAppTests\BorroAppTests.csproj", "{4DB09A9D-7F63-4FA8-A5DE-207B3EA206D5}"
EndProject
Global
	GlobalSection(SolutionConfigurationPlatforms) = preSolution
		Debug|Any CPU = Debug|Any CPU
		Release|Any CPU = Release|Any CPU
	EndGlobalSection
	GlobalSection(ProjectConfigurationPlatforms) = postSolution
		{7ED0827B-7F16-4A6F-A1EF-D0AEFAD4DDA8}.Debug|Any CPU.ActiveCfg = Debug|Any CPU
		{7ED0827B-7F16-4A6F-A1EF-D0AEFAD4DDA8}.Debug|Any CPU.Build.0 = Debug|Any CPU
		{7ED0827B-7F16-4A6F-A1EF-D0AEFAD4DDA8}.Release|Any CPU.ActiveCfg = Release|Any CPU
		{7ED0827B-7F16-4A6F-A1EF-D0AEFAD4DDA8}.Release|Any CPU.Build.0 = Release|Any CPU
		{4DB09A9D-7F63-4FA8-A5DE-207B3EA206D5}.Debug|Any CPU.ActiveCfg = Debug|Any CPU
		{4DB09A9D-7F63-4FA8-A5DE-207B3EA206D5}.Debug|Any CPU.Build.0 = Debug|Any CPU
		{4DB09A9D-7F63-4FA8-A5DE-207B3EA206D5}.Release|Any CPU.ActiveCfg = Release|Any CPU
		{4DB09A9D-7F63-4FA8-A5DE-207B3EA206D5}.Release|Any CPU.Build.0 = Release|Any CPU
	EndGlobalSection
EndGlobal
